
Microsoft Visual Studio Solution File, Format Version 12.00
# Visual Studio 14
VisualStudioVersion = 14.0.25420.1
MinimumVisualStudioVersion = 10.0.40219.1
Project("{8BC9CEB8-8B4A-11D0-8D11-00A0C91BC942}") = "WindowsCompiler", "WindowsCompiler\WindowsCompiler.vcxproj", "{2791CEF9-82EA-424F-A2DF-055A9CA9A781}"
EndProject
Global
	GlobalSection(SolutionConfigurationPlatforms) = preSolution
		Debug|WIN32 = Debug|WIN32
		Debug|x64 = Debug|x64
		Debug|x86 = Debug|x86
		Release|WIN32 = Release|WIN32
		Release|x64 = Release|x64
		Release|x86 = Release|x86
	EndGlobalSection
	GlobalSection(ProjectConfigurationPlatforms) = postSolution
		{2791CEF9-82EA-424F-A2DF-055A9CA9A781}.Debug|WIN32.ActiveCfg = Debug|Win32
		{2791CEF9-82EA-424F-A2DF-055A9CA9A781}.Debug|WIN32.Build.0 = Debug|Win32
		{2791CEF9-82EA-424F-A2DF-055A9CA9A781}.Debug|x64.ActiveCfg = Debug|x64
		{2791CEF9-82EA-424F-A2DF-055A9CA9A781}.Debug|x64.Build.0 = Debug|x64
		{2791CEF9-82EA-424F-A2DF-055A9CA9A781}.Debug|x86.ActiveCfg = Debug|Win32
		{2791CEF9-82EA-424F-A2DF-055A9CA9A781}.Debug|x86.Build.0 = Debug|Win32
		{2791CEF9-82EA-424F-A2DF-055A9CA9A781}.Release|WIN32.ActiveCfg = Release|Win32
		{2791CEF9-82EA-424F-A2DF-055A9CA9A781}.Release|WIN32.Build.0 = Release|Win32
		{2791CEF9-82EA-424F-A2DF-055A9CA9A781}.Release|x64.ActiveCfg = Release|x64
		{2791CEF9-82EA-424F-A2DF-055A9CA9A781}.Release|x64.Build.0 = Release|x64
		{2791CEF9-82EA-424F-A2DF-055A9CA9A781}.Release|x86.ActiveCfg = Release|Win32
		{2791CEF9-82EA-424F-A2DF-055A9CA9A781}.Release|x86.Build.0 = Release|Win32
	EndGlobalSection
	GlobalSection(SolutionProperties) = preSolution
		HideSolutionNode = FALSE
	EndGlobalSection
EndGlobal
